
Microsoft Visual Studio Solution File, Format Version 12.00
# Visual Studio Version 16
VisualStudioVersion = 16.0.29326.143
MinimumVisualStudioVersion = 10.0.40219.1
Project("{2150E333-8FDC-42A3-9474-1A3956D46DE8}") = "2 - src", "2 - src", "{18A44550-A714-44CF-9A0D-DE6CF0E6322D}"
EndProject
Project("{2150E333-8FDC-42A3-9474-1A3956D46DE8}") = "1 - host", "1 - host", "{67F72A3E-A52C-4011-B436-8CC590869194}"
EndProject
Project("{2150E333-8FDC-42A3-9474-1A3956D46DE8}") = "X - poc", "X - poc", "{34BA182D-D4C4-4864-AA0B-ED778F6912CB}"
EndProject
Project("{9A19103F-16F7-4668-BE54-9A1E7A4F7556}") = "ProgramAcad.Common", "src\ProgramAcad.Common\ProgramAcad.Common.csproj", "{848320D2-BDB8-472A-8870-0EFFD78E43CC}"
EndProject
Project("{2150E333-8FDC-42A3-9474-1A3956D46DE8}") = "2.X - Common", "2.X - Common", "{C839DE41-00F1-4817-BCC2-1B5D1403C9AF}"
EndProject
Project("{2150E333-8FDC-42A3-9474-1A3956D46DE8}") = "2.1 - Services", "2.1 - Services", "{A11B061E-2EA9-4109-AD0F-171129F899F7}"
EndProject
Project("{2150E333-8FDC-42A3-9474-1A3956D46DE8}") = "2.2 - Domain", "2.2 - Domain", "{9BB610B0-9084-4DAE-A9EA-A1D70BA6A101}"
EndProject
Project("{2150E333-8FDC-42A3-9474-1A3956D46DE8}") = "2.3 - Infra", "2.3 - Infra", "{130D689E-C021-41EB-B473-3EE70CE0D906}"
EndProject
Project("{9A19103F-16F7-4668-BE54-9A1E7A4F7556}") = "ProgramAcad.Domain", "src\ProgramAcad.Domain\ProgramAcad.Domain.csproj", "{E7E3E298-9CED-43DE-84D0-6A78FBD7E8C3}"
EndProject
Project("{9A19103F-16F7-4668-BE54-9A1E7A4F7556}") = "ProgramAcad.Infra.Data", "src\ProgramAcad.Infra.Data\ProgramAcad.Infra.Data.csproj", "{59CB9BA0-243A-416E-BEEF-5183D45A8BEF}"
EndProject
Project("{9A19103F-16F7-4668-BE54-9A1E7A4F7556}") = "ProgramAcad.PoC.Compiler", "poc\ProgramAcad.PoC.Compiler\ProgramAcad.PoC.Compiler.csproj", "{EF3EE814-2331-4C5E-B5CB-FAEE4CDBD058}"
EndProject
Project("{2150E333-8FDC-42A3-9474-1A3956D46DE8}") = "1.1 - API", "1.1 - API", "{8DF33529-5A0F-4666-9070-DA07FDADB6E3}"
EndProject
Project("{FAE04EC0-301F-11D3-BF4B-00C04F79EFBC}") = "ProgramAcad.API.Presentation", "src\ProgramAcad.API.Presentation\ProgramAcad.API.Presentation.csproj", "{C928357B-0689-4078-935C-45A0030B6BFB}"
EndProject
Project("{FAE04EC0-301F-11D3-BF4B-00C04F79EFBC}") = "ProgramAcad.Services", "src\ProgramAcad.Services\ProgramAcad.Services.csproj", "{58D7FD6F-4102-48B0-95EC-BB86FF3E8B21}"
EndProject
Project("{FAE04EC0-301F-11D3-BF4B-00C04F79EFBC}") = "ProgramAcad.Infra.IoC", "src\ProgramAcad.Infra.IoC\ProgramAcad.Infra.IoC.csproj", "{95C146D3-EED5-404A-8A49-C74C2AC93C94}"
EndProject
Global
	GlobalSection(SolutionConfigurationPlatforms) = preSolution
		Debug|Any CPU = Debug|Any CPU
		Release|Any CPU = Release|Any CPU
	EndGlobalSection
	GlobalSection(ProjectConfigurationPlatforms) = postSolution
		{848320D2-BDB8-472A-8870-0EFFD78E43CC}.Debug|Any CPU.ActiveCfg = Debug|Any CPU
		{848320D2-BDB8-472A-8870-0EFFD78E43CC}.Debug|Any CPU.Build.0 = Debug|Any CPU
		{848320D2-BDB8-472A-8870-0EFFD78E43CC}.Release|Any CPU.ActiveCfg = Release|Any CPU
		{848320D2-BDB8-472A-8870-0EFFD78E43CC}.Release|Any CPU.Build.0 = Release|Any CPU
		{E7E3E298-9CED-43DE-84D0-6A78FBD7E8C3}.Debug|Any CPU.ActiveCfg = Debug|Any CPU
		{E7E3E298-9CED-43DE-84D0-6A78FBD7E8C3}.Debug|Any CPU.Build.0 = Debug|Any CPU
		{E7E3E298-9CED-43DE-84D0-6A78FBD7E8C3}.Release|Any CPU.ActiveCfg = Release|Any CPU
		{E7E3E298-9CED-43DE-84D0-6A78FBD7E8C3}.Release|Any CPU.Build.0 = Release|Any CPU
		{59CB9BA0-243A-416E-BEEF-5183D45A8BEF}.Debug|Any CPU.ActiveCfg = Debug|Any CPU
		{59CB9BA0-243A-416E-BEEF-5183D45A8BEF}.Debug|Any CPU.Build.0 = Debug|Any CPU
		{59CB9BA0-243A-416E-BEEF-5183D45A8BEF}.Release|Any CPU.ActiveCfg = Release|Any CPU
		{59CB9BA0-243A-416E-BEEF-5183D45A8BEF}.Release|Any CPU.Build.0 = Release|Any CPU
		{EF3EE814-2331-4C5E-B5CB-FAEE4CDBD058}.Debug|Any CPU.ActiveCfg = Debug|Any CPU
		{EF3EE814-2331-4C5E-B5CB-FAEE4CDBD058}.Debug|Any CPU.Build.0 = Debug|Any CPU
		{EF3EE814-2331-4C5E-B5CB-FAEE4CDBD058}.Release|Any CPU.ActiveCfg = Release|Any CPU
		{EF3EE814-2331-4C5E-B5CB-FAEE4CDBD058}.Release|Any CPU.Build.0 = Release|Any CPU
		{C928357B-0689-4078-935C-45A0030B6BFB}.Debug|Any CPU.ActiveCfg = Debug|Any CPU
		{C928357B-0689-4078-935C-45A0030B6BFB}.Debug|Any CPU.Build.0 = Debug|Any CPU
		{C928357B-0689-4078-935C-45A0030B6BFB}.Release|Any CPU.ActiveCfg = Release|Any CPU
		{C928357B-0689-4078-935C-45A0030B6BFB}.Release|Any CPU.Build.0 = Release|Any CPU
		{58D7FD6F-4102-48B0-95EC-BB86FF3E8B21}.Debug|Any CPU.ActiveCfg = Debug|Any CPU
		{58D7FD6F-4102-48B0-95EC-BB86FF3E8B21}.Debug|Any CPU.Build.0 = Debug|Any CPU
		{58D7FD6F-4102-48B0-95EC-BB86FF3E8B21}.Release|Any CPU.ActiveCfg = Release|Any CPU
		{58D7FD6F-4102-48B0-95EC-BB86FF3E8B21}.Release|Any CPU.Build.0 = Release|Any CPU
		{95C146D3-EED5-404A-8A49-C74C2AC93C94}.Debug|Any CPU.ActiveCfg = Debug|Any CPU
		{95C146D3-EED5-404A-8A49-C74C2AC93C94}.Debug|Any CPU.Build.0 = Debug|Any CPU
		{95C146D3-EED5-404A-8A49-C74C2AC93C94}.Release|Any CPU.ActiveCfg = Release|Any CPU
		{95C146D3-EED5-404A-8A49-C74C2AC93C94}.Release|Any CPU.Build.0 = Release|Any CPU
	EndGlobalSection
	GlobalSection(SolutionProperties) = preSolution
		HideSolutionNode = FALSE
	EndGlobalSection
	GlobalSection(NestedProjects) = preSolution
		{848320D2-BDB8-472A-8870-0EFFD78E43CC} = {C839DE41-00F1-4817-BCC2-1B5D1403C9AF}
		{C839DE41-00F1-4817-BCC2-1B5D1403C9AF} = {18A44550-A714-44CF-9A0D-DE6CF0E6322D}
		{A11B061E-2EA9-4109-AD0F-171129F899F7} = {18A44550-A714-44CF-9A0D-DE6CF0E6322D}
		{9BB610B0-9084-4DAE-A9EA-A1D70BA6A101} = {18A44550-A714-44CF-9A0D-DE6CF0E6322D}
		{130D689E-C021-41EB-B473-3EE70CE0D906} = {18A44550-A714-44CF-9A0D-DE6CF0E6322D}
		{E7E3E298-9CED-43DE-84D0-6A78FBD7E8C3} = {9BB610B0-9084-4DAE-A9EA-A1D70BA6A101}
		{59CB9BA0-243A-416E-BEEF-5183D45A8BEF} = {130D689E-C021-41EB-B473-3EE70CE0D906}
		{EF3EE814-2331-4C5E-B5CB-FAEE4CDBD058} = {34BA182D-D4C4-4864-AA0B-ED778F6912CB}
		{8DF33529-5A0F-4666-9070-DA07FDADB6E3} = {67F72A3E-A52C-4011-B436-8CC590869194}
		{C928357B-0689-4078-935C-45A0030B6BFB} = {8DF33529-5A0F-4666-9070-DA07FDADB6E3}
		{58D7FD6F-4102-48B0-95EC-BB86FF3E8B21} = {A11B061E-2EA9-4109-AD0F-171129F899F7}
		{95C146D3-EED5-404A-8A49-C74C2AC93C94} = {130D689E-C021-41EB-B473-3EE70CE0D906}
	EndGlobalSection
	GlobalSection(ExtensibilityGlobals) = postSolution
		SolutionGuid = {136D3E37-91AD-4760-9699-D5544CF1B112}
	EndGlobalSection
EndGlobal
